# This file is generated by running "yarn install" inside your project.
# Manual changes might be lost - proceed with caution!

__metadata:
  version: 8
  cacheKey: 10c0

"asynckit@npm:^0.4.0":
  version: 0.4.0
  resolution: "asynckit@npm:0.4.0"
  checksum: d73e2ddf20c4eb9337e1b3df1a0f6159481050a5de457c55b14ea2e5cb6d90bb69e004c9af54737a5ee0917fcf2c9e25de67777bbe58261847846066ba75bc9d
  languageName: node
  linkType: hard

"axios@npm:^1.7.5":
  version: 1.7.5
  resolution: "axios@npm:1.7.5"
  dependencies:
    follow-redirects: "npm:^1.15.6"
    form-data: "npm:^4.0.0"
    proxy-from-env: "npm:^1.1.0"
  checksum: 1d5daeb28b3d1bb2a7b9f0743433c4bfbeaddc15461e50ebde487eec6c009af2515749d5261096dd430c90cd891bd310bcba5ec3967bae2033c4a307f58a6ad3
  languageName: node
  linkType: hard

"backend@workspace:project-components/backend":
  version: 0.0.0-use.local
  resolution: "backend@workspace:project-components/backend"
  dependencies:
    axios: "npm:^1.7.5"
  languageName: unknown
  linkType: soft

"chaindemocracy@workspace:.":
  version: 0.0.0-use.local
  resolution: "chaindemocracy@workspace:."
  dependencies:
    turbo: "npm:^2.1.0"
  languageName: unknown
  linkType: soft

"combined-stream@npm:^1.0.8":
  version: 1.0.8
  resolution: "combined-stream@npm:1.0.8"
  dependencies:
    delayed-stream: "npm:~1.0.0"
  checksum: 0dbb829577e1b1e839fa82b40c07ffaf7de8a09b935cadd355a73652ae70a88b4320db322f6634a4ad93424292fa80973ac6480986247f1734a1137debf271d5
  languageName: node
  linkType: hard

"delayed-stream@npm:~1.0.0":
  version: 1.0.0
  resolution: "delayed-stream@npm:1.0.0"
  checksum: d758899da03392e6712f042bec80aa293bbe9e9ff1b2634baae6a360113e708b91326594c8a486d475c69d6259afb7efacdc3537bfcda1c6c648e390ce601b19
  languageName: node
  linkType: hard

"follow-redirects@npm:^1.15.6":
  version: 1.15.6
  resolution: "follow-redirects@npm:1.15.6"
  peerDependenciesMeta:
    debug:
      optional: true
  checksum: 9ff767f0d7be6aa6870c82ac79cf0368cd73e01bbc00e9eb1c2a16fbb198ec105e3c9b6628bb98e9f3ac66fe29a957b9645bcb9a490bb7aa0d35f908b6b85071
  languageName: node
  linkType: hard

"form-data@npm:^4.0.0":
  version: 4.0.0
  resolution: "form-data@npm:4.0.0"
  dependencies:
    asynckit: "npm:^0.4.0"
    combined-stream: "npm:^1.0.8"
    mime-types: "npm:^2.1.12"
  checksum: cb6f3ac49180be03ff07ba3ff125f9eba2ff0b277fb33c7fc47569fc5e616882c5b1c69b9904c4c4187e97dd0419dd03b134174756f296dec62041e6527e2c6e
  languageName: node
  linkType: hard

"frontend@workspace:project-components/frontend":
  version: 0.0.0-use.local
  resolution: "frontend@workspace:project-components/frontend"
  dependencies:
    axios: "npm:^1.7.5"
  languageName: unknown
  linkType: soft

"mime-db@npm:1.52.0":
  version: 1.52.0
  resolution: "mime-db@npm:1.52.0"
  checksum: 0557a01deebf45ac5f5777fe7740b2a5c309c6d62d40ceab4e23da9f821899ce7a900b7ac8157d4548ddbb7beffe9abc621250e6d182b0397ec7f10c7b91a5aa
  languageName: node
  linkType: hard

"mime-types@npm:^2.1.12":
  version: 2.1.35
  resolution: "mime-types@npm:2.1.35"
  dependencies:
    mime-db: "npm:1.52.0"
  checksum: 82fb07ec56d8ff1fc999a84f2f217aa46cb6ed1033fefaabd5785b9a974ed225c90dc72fff460259e66b95b73648596dbcc50d51ed69cdf464af2d237d3149b2
  languageName: node
  linkType: hard

"proxy-from-env@npm:^1.1.0":
  version: 1.1.0
  resolution: "proxy-from-env@npm:1.1.0"
  checksum: fe7dd8b1bdbbbea18d1459107729c3e4a2243ca870d26d34c2c1bcd3e4425b7bcc5112362df2d93cc7fb9746f6142b5e272fd1cc5c86ddf8580175186f6ad42b
  languageName: node
  linkType: hard

"turbo-darwin-64@npm:2.1.0":
  version: 2.1.0
  resolution: "turbo-darwin-64@npm:2.1.0"
  conditions: os=darwin & cpu=x64
  languageName: node
  linkType: hard

"turbo-darwin-arm64@npm:2.1.0":
  version: 2.1.0
  resolution: "turbo-darwin-arm64@npm:2.1.0"
  conditions: os=darwin & cpu=arm64
  languageName: node
  linkType: hard

"turbo-linux-64@npm:2.1.0":
  version: 2.1.0
  resolution: "turbo-linux-64@npm:2.1.0"
  conditions: os=linux & cpu=x64
  languageName: node
  linkType: hard

"turbo-linux-arm64@npm:2.1.0":
  version: 2.1.0
  resolution: "turbo-linux-arm64@npm:2.1.0"
  conditions: os=linux & cpu=arm64
  languageName: node
  linkType: hard

"turbo-windows-64@npm:2.1.0":
  version: 2.1.0
  resolution: "turbo-windows-64@npm:2.1.0"
  conditions: os=win32 & cpu=x64
  languageName: node
  linkType: hard

"turbo-windows-arm64@npm:2.1.0":
  version: 2.1.0
  resolution: "turbo-windows-arm64@npm:2.1.0"
  conditions: os=win32 & cpu=arm64
  languageName: node
  linkType: hard

"turbo@npm:^2.1.0":
  version: 2.1.0
  resolution: "turbo@npm:2.1.0"
  dependencies:
    turbo-darwin-64: "npm:2.1.0"
    turbo-darwin-arm64: "npm:2.1.0"
    turbo-linux-64: "npm:2.1.0"
    turbo-linux-arm64: "npm:2.1.0"
    turbo-windows-64: "npm:2.1.0"
    turbo-windows-arm64: "npm:2.1.0"
  dependenciesMeta:
    turbo-darwin-64:
      optional: true
    turbo-darwin-arm64:
      optional: true
    turbo-linux-64:
      optional: true
    turbo-linux-arm64:
      optional: true
    turbo-windows-64:
      optional: true
    turbo-windows-arm64:
      optional: true
  bin:
    turbo: bin/turbo
  checksum: e57c58f07424f2f49d8d3a603a7338474f124299fbdfdaf034ca82fe2f08c686de5e050d33b175cf2b5a6b8a38117778a7e9bc6a78ec588ea3f708c3ab864acb
  languageName: node
  linkType: hard
